<?xml version="1.0" encoding="utf-8"?>
<Project ToolsVersion="4.0" xmlns="http://schemas.microsoft.com/developer/msbuild/2003">
  <ItemGroup>
    <ClCompile Include="prx.cpp" />
    <ClCompile Include="PlayerInterface\UnityPrxPlugin.cpp">
      <Filter>PlayerInterface</Filter>
    </ClCompile>
    <ClCompile Include="pluginLib.cpp" />
    <ClCompile Include="pluginunjail.cpp" />
    <ClCompile Include="syscall.cpp" />
    <ClCompile Include="unjail.c" />
    <ClCompile Include="ftps4.c" />
    <ClCompile Include="mount.c" />
    <ClCompile Include="decrypt.c" />
    <ClCompile Include="decryptio.c" />
    <ClCompile Include="encryptsrv.c" />
    <ClCompile Include="checkheaders.cpp" />
    <ClCompile Include="Saves.cpp" />
    <ClCompile Include="SysUtil.cpp" />
    <ClCompile Include="UserService.cpp" />
    <ClCompile Include="SystemService.cpp" />
    <ClCompile Include="Kernel.cpp" />
    <ClCompile Include="Module.cpp">
      <Filter>Module</Filter>
    </ClCompile>
    <ClCompile Include="Sound.cpp">
      <Filter>Sound</Filter>
    </ClCompile>
    <ClCompile Include="SoundUtil.cpp">
      <Filter>Sound</Filter>
    </ClCompile>
    <ClCompile Include="SaveDataDialog.cpp">
      <Filter>SaveDataDialog</Filter>
    </ClCompile>
    <ClCompile Include="CommonDialog.cpp">
      <Filter>CommonDialog</Filter>
    </ClCompile>
  </ItemGroup>
  <ItemGroup>
    <Filter Include="PlayerInterface">
      <UniqueIdentifier>{1ef13144-7666-4633-b4e8-94c85a8a09b0}</UniqueIdentifier>
    </Filter>
    <Filter Include="Module">
      <UniqueIdentifier>{d6755afd-8026-467b-9771-54e1ac723674}</UniqueIdentifier>
    </Filter>
    <Filter Include="MessageDialog">
      <UniqueIdentifier>{b7440d47-de44-464d-9928-bbc91f75ccee}</UniqueIdentifier>
    </Filter>
    <Filter Include="BGFT">
      <UniqueIdentifier>{392ed1de-9e32-4452-8ad5-cddf991a5b68}</UniqueIdentifier>
    </Filter>
    <Filter Include="Sound">
      <UniqueIdentifier>{512bbd7c-d275-4192-9f2b-7b6d498a898f}</UniqueIdentifier>
    </Filter>
    <Filter Include="SaveDataDialog">
      <UniqueIdentifier>{0c8f8239-a4a4-4bca-8db5-9166f75894fb}</UniqueIdentifier>
    </Filter>
    <Filter Include="CommonDialog">
      <UniqueIdentifier>{7946256d-8cec-4e92-bcf7-51ba668d912f}</UniqueIdentifier>
    </Filter>
  </ItemGroup>
  <ItemGroup>
    <ClInclude Include="PlayerInterface\UnityPrxPlugin.h">
      <Filter>PlayerInterface</Filter>
    </ClInclude>
    <ClInclude Include="PlayerInterface\IPluginPS3.h">
      <Filter>PlayerInterface</Filter>
    </ClInclude>
    <ClInclude Include="PlayerInterface\IPluginPSP2.h">
      <Filter>PlayerInterface</Filter>
    </ClInclude>
    <ClInclude Include="PlayerInterface\IPluginSceAppParams.h">
      <Filter>PlayerInterface</Filter>
    </ClInclude>
    <ClInclude Include="PlayerInterface\IPluginSceNpParams.h">
      <Filter>PlayerInterface</Filter>
    </ClInclude>
    <ClInclude Include="PlayerInterface\IPluginUnity.h">
      <Filter>PlayerInterface</Filter>
    </ClInclude>
    <ClInclude Include="PlayerInterface\PrxPluginInterface.h">
      <Filter>PlayerInterface</Filter>
    </ClInclude>
    <ClInclude Include="PlayerInterface\UnityEventQueue.h">
      <Filter>PlayerInterface</Filter>
    </ClInclude>
    <ClInclude Include="syscall.h" />
    <ClInclude Include="unjail.h" />
    <ClInclude Include="pluginunjail.h" />
    <ClInclude Include="ftps4.h" />
    <ClInclude Include="types.h" />
    <ClInclude Include="mount.h" />
    <ClInclude Include="bls.h" />
    <ClInclude Include="debug.h" />
    <ClInclude Include="decrypt.h" />
    <ClInclude Include="decryptio.h" />
    <ClInclude Include="defines.h" />
    <ClInclude Include="encryptsrv.h" />
    <ClInclude Include="encryptsrv_args.h" />
    <ClInclude Include="pup.h" />
    <ClInclude Include="UserService.h" />
    <ClInclude Include="Saves.h" />
    <ClInclude Include="SysUtil.h" />
    <ClInclude Include="SystemService.h" />
    <ClInclude Include="Kernel.h" />
    <ClInclude Include="Module.h">
      <Filter>Module</Filter>
    </ClInclude>
    <ClInclude Include="MsgDialog.h">
      <Filter>MessageDialog</Filter>
    </ClInclude>
    <ClInclude Include="SoundUtil.h">
      <Filter>Sound</Filter>
    </ClInclude>
    <ClInclude Include="SaveDataDialog.h">
      <Filter>SaveDataDialog</Filter>
    </ClInclude>
    <ClInclude Include="CommonDialog.h">
      <Filter>CommonDialog</Filter>
    </ClInclude>
  </ItemGroup>
</Project>